
Microsoft Visual Studio Solution File, Format Version 12.00
# Visual Studio 15
VisualStudioVersion = 15.0.28307.329
MinimumVisualStudioVersion = 10.0.40219.1
Project("{FAE04EC0-301F-11D3-BF4B-00C04F79EFBC}") = "XFGauge.Android", "XFGauge\XFGauge.Android\XFGauge.Android.csproj", "{97197B71-8B0B-4326-880A-99D33DCBFFF3}"
EndProject
Project("{FAE04EC0-301F-11D3-BF4B-00C04F79EFBC}") = "XFGauge.iOS", "XFGauge\XFGauge.iOS\XFGauge.iOS.csproj", "{28E749D5-0712-4E9B-BF84-E1DFE4CF99B1}"
EndProject
Project("{FAE04EC0-301F-11D3-BF4B-00C04F79EFBC}") = "XFGauge.UWP", "XFGauge\XFGauge.UWP\XFGauge.UWP.csproj", "{3873F7CC-E202-471D-A6C0-9A61EE1A9CFD}"
EndProject
Project("{FAE04EC0-301F-11D3-BF4B-00C04F79EFBC}") = "XFGauge", "XFGauge\XFGauge\XFGauge.csproj", "{4D1E99E2-79E1-4032-8CE6-BC0A1A654D85}"
EndProject
Global
	GlobalSection(SolutionConfigurationPlatforms) = preSolution
		Ad-Hoc|Any CPU = Ad-Hoc|Any CPU
		Ad-Hoc|ARM = Ad-Hoc|ARM
		Ad-Hoc|iPhone = Ad-Hoc|iPhone
		Ad-Hoc|iPhoneSimulator = Ad-Hoc|iPhoneSimulator
		Ad-Hoc|x64 = Ad-Hoc|x64
		Ad-Hoc|x86 = Ad-Hoc|x86
		AppStore|Any CPU = AppStore|Any CPU
		AppStore|ARM = AppStore|ARM
		AppStore|iPhone = AppStore|iPhone
		AppStore|iPhoneSimulator = AppStore|iPhoneSimulator
		AppStore|x64 = AppStore|x64
		AppStore|x86 = AppStore|x86
		Debug|Any CPU = Debug|Any CPU
		Debug|ARM = Debug|ARM
		Debug|iPhone = Debug|iPhone
		Debug|iPhoneSimulator = Debug|iPhoneSimulator
		Debug|x64 = Debug|x64
		Debug|x86 = Debug|x86
		Release|Any CPU = Release|Any CPU
		Release|ARM = Release|ARM
		Release|iPhone = Release|iPhone
		Release|iPhoneSimulator = Release|iPhoneSimulator
		Release|x64 = Release|x64
		Release|x86 = Release|x86
	EndGlobalSection
	GlobalSection(ProjectConfigurationPlatforms) = postSolution
		{97197B71-8B0B-4326-880A-99D33DCBFFF3}.Ad-Hoc|Any CPU.ActiveCfg = Release|Any CPU
		{97197B71-8B0B-4326-880A-99D33DCBFFF3}.Ad-Hoc|Any CPU.Build.0 = Release|Any CPU
		{97197B71-8B0B-4326-880A-99D33DCBFFF3}.Ad-Hoc|Any CPU.Deploy.0 = Release|Any CPU
		{97197B71-8B0B-4326-880A-99D33DCBFFF3}.Ad-Hoc|ARM.ActiveCfg = Release|Any CPU
		{97197B71-8B0B-4326-880A-99D33DCBFFF3}.Ad-Hoc|ARM.Build.0 = Release|Any CPU
		{97197B71-8B0B-4326-880A-99D33DCBFFF3}.Ad-Hoc|ARM.Deploy.0 = Release|Any CPU
		{97197B71-8B0B-4326-880A-99D33DCBFFF3}.Ad-Hoc|iPhone.ActiveCfg = Release|Any CPU
		{97197B71-8B0B-4326-880A-99D33DCBFFF3}.Ad-Hoc|iPhone.Build.0 = Release|Any CPU
		{97197B71-8B0B-4326-880A-99D33DCBFFF3}.Ad-Hoc|iPhone.Deploy.0 = Release|Any CPU
		{97197B71-8B0B-4326-880A-99D33DCBFFF3}.Ad-Hoc|iPhoneSimulator.ActiveCfg = Release|Any CPU
		{97197B71-8B0B-4326-880A-99D33DCBFFF3}.Ad-Hoc|iPhoneSimulator.Build.0 = Release|Any CPU
		{97197B71-8B0B-4326-880A-99D33DCBFFF3}.Ad-Hoc|iPhoneSimulator.Deploy.0 = Release|Any CPU
		{97197B71-8B0B-4326-880A-99D33DCBFFF3}.Ad-Hoc|x64.ActiveCfg = Release|Any CPU
		{97197B71-8B0B-4326-880A-99D33DCBFFF3}.Ad-Hoc|x64.Build.0 = Release|Any CPU
		{97197B71-8B0B-4326-880A-99D33DCBFFF3}.Ad-Hoc|x64.Deploy.0 = Release|Any CPU
		{97197B71-8B0B-4326-880A-99D33DCBFFF3}.Ad-Hoc|x86.ActiveCfg = Release|Any CPU
		{97197B71-8B0B-4326-880A-99D33DCBFFF3}.Ad-Hoc|x86.Build.0 = Release|Any CPU
		{97197B71-8B0B-4326-880A-99D33DCBFFF3}.Ad-Hoc|x86.Deploy.0 = Release|Any CPU
		{97197B71-8B0B-4326-880A-99D33DCBFFF3}.AppStore|Any CPU.ActiveCfg = Release|Any CPU
		{97197B71-8B0B-4326-880A-99D33DCBFFF3}.AppStore|Any CPU.Build.0 = Release|Any CPU
		{97197B71-8B0B-4326-880A-99D33DCBFFF3}.AppStore|Any CPU.Deploy.0 = Release|Any CPU
		{97197B71-8B0B-4326-880A-99D33DCBFFF3}.AppStore|ARM.ActiveCfg = Release|Any CPU
		{97197B71-8B0B-4326-880A-99D33DCBFFF3}.AppStore|ARM.Build.0 = Release|Any CPU
		{97197B71-8B0B-4326-880A-99D33DCBFFF3}.AppStore|ARM.Deploy.0 = Release|Any CPU
		{97197B71-8B0B-4326-880A-99D33DCBFFF3}.AppStore|iPhone.ActiveCfg = Release|Any CPU
		{97197B71-8B0B-4326-880A-99D33DCBFFF3}.AppStore|iPhone.Build.0 = Release|Any CPU
		{97197B71-8B0B-4326-880A-99D33DCBFFF3}.AppStore|iPhone.Deploy.0 = Release|Any CPU
		{97197B71-8B0B-4326-880A-99D33DCBFFF3}.AppStore|iPhoneSimulator.ActiveCfg = Release|Any CPU
		{97197B71-8B0B-4326-880A-99D33DCBFFF3}.AppStore|iPhoneSimulator.Build.0 = Release|Any CPU
		{97197B71-8B0B-4326-880A-99D33DCBFFF3}.AppStore|iPhoneSimulator.Deploy.0 = Release|Any CPU
		{97197B71-8B0B-4326-880A-99D33DCBFFF3}.AppStore|x64.ActiveCfg = Release|Any CPU
		{97197B71-8B0B-4326-880A-99D33DCBFFF3}.AppStore|x64.Build.0 = Release|Any CPU
		{97197B71-8B0B-4326-880A-99D33DCBFFF3}.AppStore|x64.Deploy.0 = Release|Any CPU
		{97197B71-8B0B-4326-880A-99D33DCBFFF3}.AppStore|x86.ActiveCfg = Release|Any CPU
		{97197B71-8B0B-4326-880A-99D33DCBFFF3}.AppStore|x86.Build.0 = Release|Any CPU
		{97197B71-8B0B-4326-880A-99D33DCBFFF3}.AppStore|x86.Deploy.0 = Release|Any CPU
		{97197B71-8B0B-4326-880A-99D33DCBFFF3}.Debug|Any CPU.ActiveCfg = Debug|Any CPU
		{97197B71-8B0B-4326-880A-99D33DCBFFF3}.Debug|Any CPU.Build.0 = Debug|Any CPU
		{97197B71-8B0B-4326-880A-99D33DCBFFF3}.Debug|Any CPU.Deploy.0 = Debug|Any CPU
		{97197B71-8B0B-4326-880A-99D33DCBFFF3}.Debug|ARM.ActiveCfg = Debug|Any CPU
		{97197B71-8B0B-4326-880A-99D33DCBFFF3}.Debug|ARM.Build.0 = Debug|Any CPU
		{97197B71-8B0B-4326-880A-99D33DCBFFF3}.Debug|ARM.Deploy.0 = Debug|Any CPU
		{97197B71-8B0B-4326-880A-99D33DCBFFF3}.Debug|iPhone.ActiveCfg = Debug|Any CPU
		{97197B71-8B0B-4326-880A-99D33DCBFFF3}.Debug|iPhone.Build.0 = Debug|Any CPU
		{97197B71-8B0B-4326-880A-99D33DCBFFF3}.Debug|iPhone.Deploy.0 = Debug|Any CPU
		{97197B71-8B0B-4326-880A-99D33DCBFFF3}.Debug|iPhoneSimulator.ActiveCfg = Debug|Any CPU
		{97197B71-8B0B-4326-880A-99D33DCBFFF3}.Debug|iPhoneSimulator.Build.0 = Debug|Any CPU
		{97197B71-8B0B-4326-880A-99D33DCBFFF3}.Debug|iPhoneSimulator.Deploy.0 = Debug|Any CPU
		{97197B71-8B0B-4326-880A-99D33DCBFFF3}.Debug|x64.ActiveCfg = Debug|Any CPU
		{97197B71-8B0B-4326-880A-99D33DCBFFF3}.Debug|x64.Build.0 = Debug|Any CPU
		{97197B71-8B0B-4326-880A-99D33DCBFFF3}.Debug|x64.Deploy.0 = Debug|Any CPU
		{97197B71-8B0B-4326-880A-99D33DCBFFF3}.Debug|x86.ActiveCfg = Debug|Any CPU
		{97197B71-8B0B-4326-880A-99D33DCBFFF3}.Debug|x86.Build.0 = Debug|Any CPU
		{97197B71-8B0B-4326-880A-99D33DCBFFF3}.Debug|x86.Deploy.0 = Debug|Any CPU
		{97197B71-8B0B-4326-880A-99D33DCBFFF3}.Release|Any CPU.ActiveCfg = Release|Any CPU
		{97197B71-8B0B-4326-880A-99D33DCBFFF3}.Release|Any CPU.Build.0 = Release|Any CPU
		{97197B71-8B0B-4326-880A-99D33DCBFFF3}.Release|Any CPU.Deploy.0 = Release|Any CPU
		{97197B71-8B0B-4326-880A-99D33DCBFFF3}.Release|ARM.ActiveCfg = Release|Any CPU
		{97197B71-8B0B-4326-880A-99D33DCBFFF3}.Release|ARM.Build.0 = Release|Any CPU
		{97197B71-8B0B-4326-880A-99D33DCBFFF3}.Release|ARM.Deploy.0 = Release|Any CPU
		{97197B71-8B0B-4326-880A-99D33DCBFFF3}.Release|iPhone.ActiveCfg = Release|Any CPU
		{97197B71-8B0B-4326-880A-99D33DCBFFF3}.Release|iPhone.Build.0 = Release|Any CPU
		{97197B71-8B0B-4326-880A-99D33DCBFFF3}.Release|iPhone.Deploy.0 = Release|Any CPU
		{97197B71-8B0B-4326-880A-99D33DCBFFF3}.Release|iPhoneSimulator.ActiveCfg = Release|Any CPU
		{97197B71-8B0B-4326-880A-99D33DCBFFF3}.Release|iPhoneSimulator.Build.0 = Release|Any CPU
		{97197B71-8B0B-4326-880A-99D33DCBFFF3}.Release|iPhoneSimulator.Deploy.0 = Release|Any CPU
		{97197B71-8B0B-4326-880A-99D33DCBFFF3}.Release|x64.ActiveCfg = Release|Any CPU
		{97197B71-8B0B-4326-880A-99D33DCBFFF3}.Release|x64.Build.0 = Release|Any CPU
		{97197B71-8B0B-4326-880A-99D33DCBFFF3}.Release|x64.Deploy.0 = Release|Any CPU
		{97197B71-8B0B-4326-880A-99D33DCBFFF3}.Release|x86.ActiveCfg = Release|Any CPU
		{97197B71-8B0B-4326-880A-99D33DCBFFF3}.Release|x86.Build.0 = Release|Any CPU
		{97197B71-8B0B-4326-880A-99D33DCBFFF3}.Release|x86.Deploy.0 = Release|Any CPU
		{28E749D5-0712-4E9B-BF84-E1DFE4CF99B1}.Ad-Hoc|Any CPU.ActiveCfg = Ad-Hoc|iPhone
		{28E749D5-0712-4E9B-BF84-E1DFE4CF99B1}.Ad-Hoc|Any CPU.Build.0 = Ad-Hoc|iPhone
		{28E749D5-0712-4E9B-BF84-E1DFE4CF99B1}.Ad-Hoc|Any CPU.Deploy.0 = Ad-Hoc|iPhone
		{28E749D5-0712-4E9B-BF84-E1DFE4CF99B1}.Ad-Hoc|ARM.ActiveCfg = Ad-Hoc|iPhone
		{28E749D5-0712-4E9B-BF84-E1DFE4CF99B1}.Ad-Hoc|ARM.Build.0 = Ad-Hoc|iPhone
		{28E749D5-0712-4E9B-BF84-E1DFE4CF99B1}.Ad-Hoc|ARM.Deploy.0 = Ad-Hoc|iPhone
		{28E749D5-0712-4E9B-BF84-E1DFE4CF99B1}.Ad-Hoc|iPhone.ActiveCfg = Ad-Hoc|iPhone
		{28E749D5-0712-4E9B-BF84-E1DFE4CF99B1}.Ad-Hoc|iPhone.Build.0 = Ad-Hoc|iPhone
		{28E749D5-0712-4E9B-BF84-E1DFE4CF99B1}.Ad-Hoc|iPhone.Deploy.0 = Ad-Hoc|iPhone
		{28E749D5-0712-4E9B-BF84-E1DFE4CF99B1}.Ad-Hoc|iPhoneSimulator.ActiveCfg = Ad-Hoc|iPhoneSimulator
		{28E749D5-0712-4E9B-BF84-E1DFE4CF99B1}.Ad-Hoc|iPhoneSimulator.Build.0 = Ad-Hoc|iPhoneSimulator
		{28E749D5-0712-4E9B-BF84-E1DFE4CF99B1}.Ad-Hoc|iPhoneSimulator.Deploy.0 = Ad-Hoc|iPhoneSimulator
		{28E749D5-0712-4E9B-BF84-E1DFE4CF99B1}.Ad-Hoc|x64.ActiveCfg = Ad-Hoc|iPhone
		{28E749D5-0712-4E9B-BF84-E1DFE4CF99B1}.Ad-Hoc|x64.Build.0 = Ad-Hoc|iPhone
		{28E749D5-0712-4E9B-BF84-E1DFE4CF99B1}.Ad-Hoc|x64.Deploy.0 = Ad-Hoc|iPhone
		{28E749D5-0712-4E9B-BF84-E1DFE4CF99B1}.Ad-Hoc|x86.ActiveCfg = Ad-Hoc|iPhone
		{28E749D5-0712-4E9B-BF84-E1DFE4CF99B1}.Ad-Hoc|x86.Build.0 = Ad-Hoc|iPhone
		{28E749D5-0712-4E9B-BF84-E1DFE4CF99B1}.Ad-Hoc|x86.Deploy.0 = Ad-Hoc|iPhone
		{28E749D5-0712-4E9B-BF84-E1DFE4CF99B1}.AppStore|Any CPU.ActiveCfg = AppStore|iPhone
		{28E749D5-0712-4E9B-BF84-E1DFE4CF99B1}.AppStore|Any CPU.Build.0 = AppStore|iPhone
		{28E749D5-0712-4E9B-BF84-E1DFE4CF99B1}.AppStore|Any CPU.Deploy.0 = AppStore|iPhone
		{28E749D5-0712-4E9B-BF84-E1DFE4CF99B1}.AppStore|ARM.ActiveCfg = AppStore|iPhone
		{28E749D5-0712-4E9B-BF84-E1DFE4CF99B1}.AppStore|ARM.Build.0 = AppStore|iPhone
		{28E749D5-0712-4E9B-BF84-E1DFE4CF99B1}.AppStore|ARM.Deploy.0 = AppStore|iPhone
		{28E749D5-0712-4E9B-BF84-E1DFE4CF99B1}.AppStore|iPhone.ActiveCfg = AppStore|iPhone
		{28E749D5-0712-4E9B-BF84-E1DFE4CF99B1}.AppStore|iPhone.Build.0 = AppStore|iPhone
		{28E749D5-0712-4E9B-BF84-E1DFE4CF99B1}.AppStore|iPhone.Deploy.0 = AppStore|iPhone
		{28E749D5-0712-4E9B-BF84-E1DFE4CF99B1}.AppStore|iPhoneSimulator.ActiveCfg = AppStore|iPhoneSimulator
		{28E749D5-0712-4E9B-BF84-E1DFE4CF99B1}.AppStore|iPhoneSimulator.Build.0 = AppStore|iPhoneSimulator
		{28E749D5-0712-4E9B-BF84-E1DFE4CF99B1}.AppStore|iPhoneSimulator.Deploy.0 = AppStore|iPhoneSimulator
		{28E749D5-0712-4E9B-BF84-E1DFE4CF99B1}.AppStore|x64.ActiveCfg = AppStore|iPhone
		{28E749D5-0712-4E9B-BF84-E1DFE4CF99B1}.AppStore|x64.Build.0 = AppStore|iPhone
		{28E749D5-0712-4E9B-BF84-E1DFE4CF99B1}.AppStore|x64.Deploy.0 = AppStore|iPhone
		{28E749D5-0712-4E9B-BF84-E1DFE4CF99B1}.AppStore|x86.ActiveCfg = AppStore|iPhone
		{28E749D5-0712-4E9B-BF84-E1DFE4CF99B1}.AppStore|x86.Build.0 = AppStore|iPhone
		{28E749D5-0712-4E9B-BF84-E1DFE4CF99B1}.AppStore|x86.Deploy.0 = AppStore|iPhone
		{28E749D5-0712-4E9B-BF84-E1DFE4CF99B1}.Debug|Any CPU.ActiveCfg = Debug|iPhoneSimulator
		{28E749D5-0712-4E9B-BF84-E1DFE4CF99B1}.Debug|Any CPU.Build.0 = Debug|iPhoneSimulator
		{28E749D5-0712-4E9B-BF84-E1DFE4CF99B1}.Debug|Any CPU.Deploy.0 = Debug|iPhoneSimulator
		{28E749D5-0712-4E9B-BF84-E1DFE4CF99B1}.Debug|ARM.ActiveCfg = Debug|iPhone
		{28E749D5-0712-4E9B-BF84-E1DFE4CF99B1}.Debug|ARM.Build.0 = Debug|iPhone
		{28E749D5-0712-4E9B-BF84-E1DFE4CF99B1}.Debug|ARM.Deploy.0 = Debug|iPhone
		{28E749D5-0712-4E9B-BF84-E1DFE4CF99B1}.Debug|iPhone.ActiveCfg = Debug|iPhone
		{28E749D5-0712-4E9B-BF84-E1DFE4CF99B1}.Debug|iPhone.Build.0 = Debug|iPhone
		{28E749D5-0712-4E9B-BF84-E1DFE4CF99B1}.Debug|iPhone.Deploy.0 = Debug|iPhone
		{28E749D5-0712-4E9B-BF84-E1DFE4CF99B1}.Debug|iPhoneSimulator.ActiveCfg = Debug|iPhoneSimulator
		{28E749D5-0712-4E9B-BF84-E1DFE4CF99B1}.Debug|iPhoneSimulator.Build.0 = Debug|iPhoneSimulator
		{28E749D5-0712-4E9B-BF84-E1DFE4CF99B1}.Debug|iPhoneSimulator.Deploy.0 = Debug|iPhoneSimulator
		{28E749D5-0712-4E9B-BF84-E1DFE4CF99B1}.Debug|x64.ActiveCfg = Debug|iPhone
		{28E749D5-0712-4E9B-BF84-E1DFE4CF99B1}.Debug|x64.Build.0 = Debug|iPhone
		{28E749D5-0712-4E9B-BF84-E1DFE4CF99B1}.Debug|x64.Deploy.0 = Debug|iPhone
		{28E749D5-0712-4E9B-BF84-E1DFE4CF99B1}.Debug|x86.ActiveCfg = Debug|iPhone
		{28E749D5-0712-4E9B-BF84-E1DFE4CF99B1}.Debug|x86.Build.0 = Debug|iPhone
		{28E749D5-0712-4E9B-BF84-E1DFE4CF99B1}.Debug|x86.Deploy.0 = Debug|iPhone
		{28E749D5-0712-4E9B-BF84-E1DFE4CF99B1}.Release|Any CPU.ActiveCfg = Release|iPhone
		{28E749D5-0712-4E9B-BF84-E1DFE4CF99B1}.Release|Any CPU.Build.0 = Release|iPhone
		{28E749D5-0712-4E9B-BF84-E1DFE4CF99B1}.Release|Any CPU.Deploy.0 = Release|iPhone
		{28E749D5-0712-4E9B-BF84-E1DFE4CF99B1}.Release|ARM.ActiveCfg = Release|iPhone
		{28E749D5-0712-4E9B-BF84-E1DFE4CF99B1}.Release|ARM.Build.0 = Release|iPhone
		{28E749D5-0712-4E9B-BF84-E1DFE4CF99B1}.Release|ARM.Deploy.0 = Release|iPhone
		{28E749D5-0712-4E9B-BF84-E1DFE4CF99B1}.Release|iPhone.ActiveCfg = Release|iPhone
		{28E749D5-0712-4E9B-BF84-E1DFE4CF99B1}.Release|iPhone.Build.0 = Release|iPhone
		{28E749D5-0712-4E9B-BF84-E1DFE4CF99B1}.Release|iPhone.Deploy.0 = Release|iPhone
		{28E749D5-0712-4E9B-BF84-E1DFE4CF99B1}.Release|iPhoneSimulator.ActiveCfg = Release|iPhoneSimulator
		{28E749D5-0712-4E9B-BF84-E1DFE4CF99B1}.Release|iPhoneSimulator.Build.0 = Release|iPhoneSimulator
		{28E749D5-0712-4E9B-BF84-E1DFE4CF99B1}.Release|iPhoneSimulator.Deploy.0 = Release|iPhoneSimulator
		{28E749D5-0712-4E9B-BF84-E1DFE4CF99B1}.Release|x64.ActiveCfg = Release|iPhone
		{28E749D5-0712-4E9B-BF84-E1DFE4CF99B1}.Release|x64.Build.0 = Release|iPhone
		{28E749D5-0712-4E9B-BF84-E1DFE4CF99B1}.Release|x64.Deploy.0 = Release|iPhone
		{28E749D5-0712-4E9B-BF84-E1DFE4CF99B1}.Release|x86.ActiveCfg = Release|iPhone
		{28E749D5-0712-4E9B-BF84-E1DFE4CF99B1}.Release|x86.Build.0 = Release|iPhone
		{28E749D5-0712-4E9B-BF84-E1DFE4CF99B1}.Release|x86.Deploy.0 = Release|iPhone
		{3873F7CC-E202-471D-A6C0-9A61EE1A9CFD}.Ad-Hoc|Any CPU.ActiveCfg = Release|x86
		{3873F7CC-E202-471D-A6C0-9A61EE1A9CFD}.Ad-Hoc|Any CPU.Build.0 = Release|x86
		{3873F7CC-E202-471D-A6C0-9A61EE1A9CFD}.Ad-Hoc|Any CPU.Deploy.0 = Release|x86
		{3873F7CC-E202-471D-A6C0-9A61EE1A9CFD}.Ad-Hoc|ARM.ActiveCfg = Release|ARM
		{3873F7CC-E202-471D-A6C0-9A61EE1A9CFD}.Ad-Hoc|ARM.Build.0 = Release|ARM
		{3873F7CC-E202-471D-A6C0-9A61EE1A9CFD}.Ad-Hoc|ARM.Deploy.0 = Release|ARM
		{3873F7CC-E202-471D-A6C0-9A61EE1A9CFD}.Ad-Hoc|iPhone.ActiveCfg = Release|x86
		{3873F7CC-E202-471D-A6C0-9A61EE1A9CFD}.Ad-Hoc|iPhone.Build.0 = Release|x86
		{3873F7CC-E202-471D-A6C0-9A61EE1A9CFD}.Ad-Hoc|iPhone.Deploy.0 = Release|x86
		{3873F7CC-E202-471D-A6C0-9A61EE1A9CFD}.Ad-Hoc|iPhoneSimulator.ActiveCfg = Release|x86
		{3873F7CC-E202-471D-A6C0-9A61EE1A9CFD}.Ad-Hoc|iPhoneSimulator.Build.0 = Release|x86
		{3873F7CC-E202-471D-A6C0-9A61EE1A9CFD}.Ad-Hoc|iPhoneSimulator.Deploy.0 = Release|x86
		{3873F7CC-E202-471D-A6C0-9A61EE1A9CFD}.Ad-Hoc|x64.ActiveCfg = Release|x64
		{3873F7CC-E202-471D-A6C0-9A61EE1A9CFD}.Ad-Hoc|x64.Build.0 = Release|x64
		{3873F7CC-E202-471D-A6C0-9A61EE1A9CFD}.Ad-Hoc|x64.Deploy.0 = Release|x64
		{3873F7CC-E202-471D-A6C0-9A61EE1A9CFD}.Ad-Hoc|x86.ActiveCfg = Release|x86
		{3873F7CC-E202-471D-A6C0-9A61EE1A9CFD}.Ad-Hoc|x86.Build.0 = Release|x86
		{3873F7CC-E202-471D-A6C0-9A61EE1A9CFD}.Ad-Hoc|x86.Deploy.0 = Release|x86
		{3873F7CC-E202-471D-A6C0-9A61EE1A9CFD}.AppStore|Any CPU.ActiveCfg = Release|x86
		{3873F7CC-E202-471D-A6C0-9A61EE1A9CFD}.AppStore|Any CPU.Build.0 = Release|x86
		{3873F7CC-E202-471D-A6C0-9A61EE1A9CFD}.AppStore|Any CPU.Deploy.0 = Release|x86
		{3873F7CC-E202-471D-A6C0-9A61EE1A9CFD}.AppStore|ARM.ActiveCfg = Release|ARM
		{3873F7CC-E202-471D-A6C0-9A61EE1A9CFD}.AppStore|ARM.Build.0 = Release|ARM
		{3873F7CC-E202-471D-A6C0-9A61EE1A9CFD}.AppStore|ARM.Deploy.0 = Release|ARM
		{3873F7CC-E202-471D-A6C0-9A61EE1A9CFD}.AppStore|iPhone.ActiveCfg = Release|x86
		{3873F7CC-E202-471D-A6C0-9A61EE1A9CFD}.AppStore|iPhone.Build.0 = Release|x86
		{3873F7CC-E202-471D-A6C0-9A61EE1A9CFD}.AppStore|iPhone.Deploy.0 = Release|x86
		{3873F7CC-E202-471D-A6C0-9A61EE1A9CFD}.AppStore|iPhoneSimulator.ActiveCfg = Release|x86
		{3873F7CC-E202-471D-A6C0-9A61EE1A9CFD}.AppStore|iPhoneSimulator.Build.0 = Release|x86
		{3873F7CC-E202-471D-A6C0-9A61EE1A9CFD}.AppStore|iPhoneSimulator.Deploy.0 = Release|x86
		{3873F7CC-E202-471D-A6C0-9A61EE1A9CFD}.AppStore|x64.ActiveCfg = Release|x64
		{3873F7CC-E202-471D-A6C0-9A61EE1A9CFD}.AppStore|x64.Build.0 = Release|x64
		{3873F7CC-E202-471D-A6C0-9A61EE1A9CFD}.AppStore|x64.Deploy.0 = Release|x64
		{3873F7CC-E202-471D-A6C0-9A61EE1A9CFD}.AppStore|x86.ActiveCfg = Release|x86
		{3873F7CC-E202-471D-A6C0-9A61EE1A9CFD}.AppStore|x86.Build.0 = Release|x86
		{3873F7CC-E202-471D-A6C0-9A61EE1A9CFD}.AppStore|x86.Deploy.0 = Release|x86
		{3873F7CC-E202-471D-A6C0-9A61EE1A9CFD}.Debug|Any CPU.ActiveCfg = Debug|x86
		{3873F7CC-E202-471D-A6C0-9A61EE1A9CFD}.Debug|Any CPU.Build.0 = Debug|x86
		{3873F7CC-E202-471D-A6C0-9A61EE1A9CFD}.Debug|Any CPU.Deploy.0 = Debug|x86
		{3873F7CC-E202-471D-A6C0-9A61EE1A9CFD}.Debug|ARM.ActiveCfg = Debug|ARM
		{3873F7CC-E202-471D-A6C0-9A61EE1A9CFD}.Debug|ARM.Build.0 = Debug|ARM
		{3873F7CC-E202-471D-A6C0-9A61EE1A9CFD}.Debug|ARM.Deploy.0 = Debug|ARM
		{3873F7CC-E202-471D-A6C0-9A61EE1A9CFD}.Debug|iPhone.ActiveCfg = Debug|x86
		{3873F7CC-E202-471D-A6C0-9A61EE1A9CFD}.Debug|iPhone.Build.0 = Debug|x86
		{3873F7CC-E202-471D-A6C0-9A61EE1A9CFD}.Debug|iPhone.Deploy.0 = Debug|x86
		{3873F7CC-E202-471D-A6C0-9A61EE1A9CFD}.Debug|iPhoneSimulator.ActiveCfg = Debug|x86
		{3873F7CC-E202-471D-A6C0-9A61EE1A9CFD}.Debug|iPhoneSimulator.Build.0 = Debug|x86
		{3873F7CC-E202-471D-A6C0-9A61EE1A9CFD}.Debug|iPhoneSimulator.Deploy.0 = Debug|x86
		{3873F7CC-E202-471D-A6C0-9A61EE1A9CFD}.Debug|x64.ActiveCfg = Debug|x64
		{3873F7CC-E202-471D-A6C0-9A61EE1A9CFD}.Debug|x64.Build.0 = Debug|x64
		{3873F7CC-E202-471D-A6C0-9A61EE1A9CFD}.Debug|x64.Deploy.0 = Debug|x64
		{3873F7CC-E202-471D-A6C0-9A61EE1A9CFD}.Debug|x86.ActiveCfg = Debug|x86
		{3873F7CC-E202-471D-A6C0-9A61EE1A9CFD}.Debug|x86.Build.0 = Debug|x86
		{3873F7CC-E202-471D-A6C0-9A61EE1A9CFD}.Debug|x86.Deploy.0 = Debug|x86
		{3873F7CC-E202-471D-A6C0-9A61EE1A9CFD}.Release|Any CPU.ActiveCfg = Release|x86
		{3873F7CC-E202-471D-A6C0-9A61EE1A9CFD}.Release|Any CPU.Build.0 = Release|x86
		{3873F7CC-E202-471D-A6C0-9A61EE1A9CFD}.Release|Any CPU.Deploy.0 = Release|x86
		{3873F7CC-E202-471D-A6C0-9A61EE1A9CFD}.Release|ARM.ActiveCfg = Release|ARM
		{3873F7CC-E202-471D-A6C0-9A61EE1A9CFD}.Release|ARM.Build.0 = Release|ARM
		{3873F7CC-E202-471D-A6C0-9A61EE1A9CFD}.Release|ARM.Deploy.0 = Release|ARM
		{3873F7CC-E202-471D-A6C0-9A61EE1A9CFD}.Release|iPhone.ActiveCfg = Release|x86
		{3873F7CC-E202-471D-A6C0-9A61EE1A9CFD}.Release|iPhone.Build.0 = Release|x86
		{3873F7CC-E202-471D-A6C0-9A61EE1A9CFD}.Release|iPhone.Deploy.0 = Release|x86
		{3873F7CC-E202-471D-A6C0-9A61EE1A9CFD}.Release|iPhoneSimulator.ActiveCfg = Release|x86
		{3873F7CC-E202-471D-A6C0-9A61EE1A9CFD}.Release|iPhoneSimulator.Build.0 = Release|x86
		{3873F7CC-E202-471D-A6C0-9A61EE1A9CFD}.Release|iPhoneSimulator.Deploy.0 = Release|x86
		{3873F7CC-E202-471D-A6C0-9A61EE1A9CFD}.Release|x64.ActiveCfg = Release|x64
		{3873F7CC-E202-471D-A6C0-9A61EE1A9CFD}.Release|x64.Build.0 = Release|x64
		{3873F7CC-E202-471D-A6C0-9A61EE1A9CFD}.Release|x64.Deploy.0 = Release|x64
		{3873F7CC-E202-471D-A6C0-9A61EE1A9CFD}.Release|x86.ActiveCfg = Release|x86
		{3873F7CC-E202-471D-A6C0-9A61EE1A9CFD}.Release|x86.Build.0 = Release|x86
		{3873F7CC-E202-471D-A6C0-9A61EE1A9CFD}.Release|x86.Deploy.0 = Release|x86
		{4D1E99E2-79E1-4032-8CE6-BC0A1A654D85}.Ad-Hoc|Any CPU.ActiveCfg = Debug|Any CPU
		{4D1E99E2-79E1-4032-8CE6-BC0A1A654D85}.Ad-Hoc|Any CPU.Build.0 = Debug|Any CPU
		{4D1E99E2-79E1-4032-8CE6-BC0A1A654D85}.Ad-Hoc|Any CPU.Deploy.0 = Debug|Any CPU
		{4D1E99E2-79E1-4032-8CE6-BC0A1A654D85}.Ad-Hoc|ARM.ActiveCfg = Debug|Any CPU
		{4D1E99E2-79E1-4032-8CE6-BC0A1A654D85}.Ad-Hoc|ARM.Build.0 = Debug|Any CPU
		{4D1E99E2-79E1-4032-8CE6-BC0A1A654D85}.Ad-Hoc|ARM.Deploy.0 = Debug|Any CPU
		{4D1E99E2-79E1-4032-8CE6-BC0A1A654D85}.Ad-Hoc|iPhone.ActiveCfg = Debug|Any CPU
		{4D1E99E2-79E1-4032-8CE6-BC0A1A654D85}.Ad-Hoc|iPhone.Build.0 = Debug|Any CPU
		{4D1E99E2-79E1-4032-8CE6-BC0A1A654D85}.Ad-Hoc|iPhone.Deploy.0 = Debug|Any CPU
		{4D1E99E2-79E1-4032-8CE6-BC0A1A654D85}.Ad-Hoc|iPhoneSimulator.ActiveCfg = Debug|Any CPU
		{4D1E99E2-79E1-4032-8CE6-BC0A1A654D85}.Ad-Hoc|iPhoneSimulator.Build.0 = Debug|Any CPU
		{4D1E99E2-79E1-4032-8CE6-BC0A1A654D85}.Ad-Hoc|iPhoneSimulator.Deploy.0 = Debug|Any CPU
		{4D1E99E2-79E1-4032-8CE6-BC0A1A654D85}.Ad-Hoc|x64.ActiveCfg = Debug|Any CPU
		{4D1E99E2-79E1-4032-8CE6-BC0A1A654D85}.Ad-Hoc|x64.Build.0 = Debug|Any CPU
		{4D1E99E2-79E1-4032-8CE6-BC0A1A654D85}.Ad-Hoc|x64.Deploy.0 = Debug|Any CPU
		{4D1E99E2-79E1-4032-8CE6-BC0A1A654D85}.Ad-Hoc|x86.ActiveCfg = Debug|Any CPU
		{4D1E99E2-79E1-4032-8CE6-BC0A1A654D85}.Ad-Hoc|x86.Build.0 = Debug|Any CPU
		{4D1E99E2-79E1-4032-8CE6-BC0A1A654D85}.Ad-Hoc|x86.Deploy.0 = Debug|Any CPU
		{4D1E99E2-79E1-4032-8CE6-BC0A1A654D85}.AppStore|Any CPU.ActiveCfg = Debug|Any CPU
		{4D1E99E2-79E1-4032-8CE6-BC0A1A654D85}.AppStore|Any CPU.Build.0 = Debug|Any CPU
		{4D1E99E2-79E1-4032-8CE6-BC0A1A654D85}.AppStore|Any CPU.Deploy.0 = Debug|Any CPU
		{4D1E99E2-79E1-4032-8CE6-BC0A1A654D85}.AppStore|ARM.ActiveCfg = Debug|Any CPU
		{4D1E99E2-79E1-4032-8CE6-BC0A1A654D85}.AppStore|ARM.Build.0 = Debug|Any CPU
		{4D1E99E2-79E1-4032-8CE6-BC0A1A654D85}.AppStore|ARM.Deploy.0 = Debug|Any CPU
		{4D1E99E2-79E1-4032-8CE6-BC0A1A654D85}.AppStore|iPhone.ActiveCfg = Debug|Any CPU
		{4D1E99E2-79E1-4032-8CE6-BC0A1A654D85}.AppStore|iPhone.Build.0 = Debug|Any CPU
		{4D1E99E2-79E1-4032-8CE6-BC0A1A654D85}.AppStore|iPhone.Deploy.0 = Debug|Any CPU
		{4D1E99E2-79E1-4032-8CE6-BC0A1A654D85}.AppStore|iPhoneSimulator.ActiveCfg = Debug|Any CPU
		{4D1E99E2-79E1-4032-8CE6-BC0A1A654D85}.AppStore|iPhoneSimulator.Build.0 = Debug|Any CPU
		{4D1E99E2-79E1-4032-8CE6-BC0A1A654D85}.AppStore|iPhoneSimulator.Deploy.0 = Debug|Any CPU
		{4D1E99E2-79E1-4032-8CE6-BC0A1A654D85}.AppStore|x64.ActiveCfg = Debug|Any CPU
		{4D1E99E2-79E1-4032-8CE6-BC0A1A654D85}.AppStore|x64.Build.0 = Debug|Any CPU
		{4D1E99E2-79E1-4032-8CE6-BC0A1A654D85}.AppStore|x64.Deploy.0 = Debug|Any CPU
		{4D1E99E2-79E1-4032-8CE6-BC0A1A654D85}.AppStore|x86.ActiveCfg = Debug|Any CPU
		{4D1E99E2-79E1-4032-8CE6-BC0A1A654D85}.AppStore|x86.Build.0 = Debug|Any CPU
		{4D1E99E2-79E1-4032-8CE6-BC0A1A654D85}.AppStore|x86.Deploy.0 = Debug|Any CPU
		{4D1E99E2-79E1-4032-8CE6-BC0A1A654D85}.Debug|Any CPU.ActiveCfg = Debug|Any CPU
		{4D1E99E2-79E1-4032-8CE6-BC0A1A654D85}.Debug|Any CPU.Build.0 = Debug|Any CPU
		{4D1E99E2-79E1-4032-8CE6-BC0A1A654D85}.Debug|Any CPU.Deploy.0 = Debug|Any CPU
		{4D1E99E2-79E1-4032-8CE6-BC0A1A654D85}.Debug|ARM.ActiveCfg = Debug|Any CPU
		{4D1E99E2-79E1-4032-8CE6-BC0A1A654D85}.Debug|ARM.Build.0 = Debug|Any CPU
		{4D1E99E2-79E1-4032-8CE6-BC0A1A654D85}.Debug|ARM.Deploy.0 = Debug|Any CPU
		{4D1E99E2-79E1-4032-8CE6-BC0A1A654D85}.Debug|iPhone.ActiveCfg = Debug|Any CPU
		{4D1E99E2-79E1-4032-8CE6-BC0A1A654D85}.Debug|iPhone.Build.0 = Debug|Any CPU
		{4D1E99E2-79E1-4032-8CE6-BC0A1A654D85}.Debug|iPhone.Deploy.0 = Debug|Any CPU
		{4D1E99E2-79E1-4032-8CE6-BC0A1A654D85}.Debug|iPhoneSimulator.ActiveCfg = Debug|Any CPU
		{4D1E99E2-79E1-4032-8CE6-BC0A1A654D85}.Debug|iPhoneSimulator.Build.0 = Debug|Any CPU
		{4D1E99E2-79E1-4032-8CE6-BC0A1A654D85}.Debug|iPhoneSimulator.Deploy.0 = Debug|Any CPU
		{4D1E99E2-79E1-4032-8CE6-BC0A1A654D85}.Debug|x64.ActiveCfg = Debug|Any CPU
		{4D1E99E2-79E1-4032-8CE6-BC0A1A654D85}.Debug|x64.Build.0 = Debug|Any CPU
		{4D1E99E2-79E1-4032-8CE6-BC0A1A654D85}.Debug|x64.Deploy.0 = Debug|Any CPU
		{4D1E99E2-79E1-4032-8CE6-BC0A1A654D85}.Debug|x86.ActiveCfg = Debug|Any CPU
		{4D1E99E2-79E1-4032-8CE6-BC0A1A654D85}.Debug|x86.Build.0 = Debug|Any CPU
		{4D1E99E2-79E1-4032-8CE6-BC0A1A654D85}.Debug|x86.Deploy.0 = Debug|Any CPU
		{4D1E99E2-79E1-4032-8CE6-BC0A1A654D85}.Release|Any CPU.ActiveCfg = Release|Any CPU
		{4D1E99E2-79E1-4032-8CE6-BC0A1A654D85}.Release|Any CPU.Build.0 = Release|Any CPU
		{4D1E99E2-79E1-4032-8CE6-BC0A1A654D85}.Release|Any CPU.Deploy.0 = Release|Any CPU
		{4D1E99E2-79E1-4032-8CE6-BC0A1A654D85}.Release|ARM.ActiveCfg = Release|Any CPU
		{4D1E99E2-79E1-4032-8CE6-BC0A1A654D85}.Release|ARM.Build.0 = Release|Any CPU
		{4D1E99E2-79E1-4032-8CE6-BC0A1A654D85}.Release|ARM.Deploy.0 = Release|Any CPU
		{4D1E99E2-79E1-4032-8CE6-BC0A1A654D85}.Release|iPhone.ActiveCfg = Release|Any CPU
		{4D1E99E2-79E1-4032-8CE6-BC0A1A654D85}.Release|iPhone.Build.0 = Release|Any CPU
		{4D1E99E2-79E1-4032-8CE6-BC0A1A654D85}.Release|iPhone.Deploy.0 = Release|Any CPU
		{4D1E99E2-79E1-4032-8CE6-BC0A1A654D85}.Release|iPhoneSimulator.ActiveCfg = Release|Any CPU
		{4D1E99E2-79E1-4032-8CE6-BC0A1A654D85}.Release|iPhoneSimulator.Build.0 = Release|Any CPU
		{4D1E99E2-79E1-4032-8CE6-BC0A1A654D85}.Release|iPhoneSimulator.Deploy.0 = Release|Any CPU
		{4D1E99E2-79E1-4032-8CE6-BC0A1A654D85}.Release|x64.ActiveCfg = Release|Any CPU
		{4D1E99E2-79E1-4032-8CE6-BC0A1A654D85}.Release|x64.Build.0 = Release|Any CPU
		{4D1E99E2-79E1-4032-8CE6-BC0A1A654D85}.Release|x64.Deploy.0 = Release|Any CPU
		{4D1E99E2-79E1-4032-8CE6-BC0A1A654D85}.Release|x86.ActiveCfg = Release|Any CPU
		{4D1E99E2-79E1-4032-8CE6-BC0A1A654D85}.Release|x86.Build.0 = Release|Any CPU
		{4D1E99E2-79E1-4032-8CE6-BC0A1A654D85}.Release|x86.Deploy.0 = Release|Any CPU
	EndGlobalSection
	GlobalSection(SolutionProperties) = preSolution
		HideSolutionNode = FALSE
	EndGlobalSection
	GlobalSection(ExtensibilityGlobals) = postSolution
		SolutionGuid = {23A9D7D5-40CD-4D16-8536-4995021F3233}
	EndGlobalSection
EndGlobal
